// !$*UTF8*$!
{
	archiveVersion = 1;
	classes = {
	};
	objectVersion = 46;
	objects = {

/* Begin PBXBuildFile section */
		8056868D1EA71868008B8554 /* AppDelegate.swift in Sources */ = {isa = PBXBuildFile; fileRef = 8056868C1EA71868008B8554 /* AppDelegate.swift */; };
		8056868F1EA71868008B8554 /* ViewController.swift in Sources */ = {isa = PBXBuildFile; fileRef = 8056868E1EA71868008B8554 /* ViewController.swift */; };
		805686921EA71868008B8554 /* Main.storyboard in Resources */ = {isa = PBXBuildFile; fileRef = 805686901EA71868008B8554 /* Main.storyboard */; };
		805686951EA71868008B8554 /* IntroduceSwift3.xcdatamodeld in Sources */ = {isa = PBXBuildFile; fileRef = 805686931EA71868008B8554 /* IntroduceSwift3.xcdatamodeld */; };
		805686971EA71868008B8554 /* Assets.xcassets in Resources */ = {isa = PBXBuildFile; fileRef = 805686961EA71868008B8554 /* Assets.xcassets */; };
		8056869A1EA71868008B8554 /* LaunchScreen.storyboard in Resources */ = {isa = PBXBuildFile; fileRef = 805686981EA71868008B8554 /* LaunchScreen.storyboard */; };
		805686A51EA71868008B8554 /* IntroduceSwift3Tests.swift in Sources */ = {isa = PBXBuildFile; fileRef = 805686A41EA71868008B8554 /* IntroduceSwift3Tests.swift */; };
		805686B01EA71868008B8554 /* IntroduceSwift3UITests.swift in Sources */ = {isa = PBXBuildFile; fileRef = 805686AF1EA71868008B8554 /* IntroduceSwift3UITests.swift */; };
		8083DEF21EC797A8008F718F /* SecondViewController.swift in Sources */ = {isa = PBXBuildFile; fileRef = 8083DEF11EC797A8008F718F /* SecondViewController.swift */; };
/* End PBXBuildFile section */

/* Begin PBXContainerItemProxy section */
		805686A11EA71868008B8554 /* PBXContainerItemProxy */ = {
			isa = PBXContainerItemProxy;
			containerPortal = 805686811EA71868008B8554 /* Project object */;
			proxyType = 1;
			remoteGlobalIDString = 805686881EA71868008B8554;
			remoteInfo = IntroduceSwift3;
		};
		805686AC1EA71868008B8554 /* PBXContainerItemProxy */ = {
			isa = PBXContainerItemProxy;
			containerPortal = 805686811EA71868008B8554 /* Project object */;
			proxyType = 1;
			remoteGlobalIDString = 805686881EA71868008B8554;
			remoteInfo = IntroduceSwift3;
		};
/* End PBXContainerItemProxy section */

/* Begin PBXFileReference section */
		805686891EA71868008B8554 /* IntroduceSwift3.app */ = {isa = PBXFileReference; explicitFileType = wrapper.application; includeInIndex = 0; path = IntroduceSwift3.app; sourceTree = BUILT_PRODUCTS_DIR; };
		8056868C1EA71868008B8554 /* AppDelegate.swift */ = {isa = PBXFileReference; lastKnownFileType = sourcecode.swift; path = AppDelegate.swift; sourceTree = "<group>"; };
		8056868E1EA71868008B8554 /* ViewController.swift */ = {isa = PBXFileReference; lastKnownFileType = sourcecode.swift; path = ViewController.swift; sourceTree = "<group>"; };
		805686911EA71868008B8554 /* Base */ = {isa = PBXFileReference; lastKnownFileType = file.storyboard; name = Base; path = Base.lproj/Main.storyboard; sourceTree = "<group>"; };
		805686941EA71868008B8554 /* IntroduceSwift3.xcdatamodel */ = {isa = PBXFileReference; lastKnownFileType = wrapper.xcdatamodel; path = IntroduceSwift3.xcdatamodel; sourceTree = "<group>"; };
		805686961EA71868008B8554 /* Assets.xcassets */ = {isa = PBXFileReference; lastKnownFileType = folder.assetcatalog; path = Assets.xcassets; sourceTree = "<group>"; };
		805686991EA71868008B8554 /* Base */ = {isa = PBXFileReference; lastKnownFileType = file.storyboard; name = Base; path = Base.lproj/LaunchScreen.storyboard; sourceTree = "<group>"; };
		8056869B1EA71868008B8554 /* Info.plist */ = {isa = PBXFileReference; lastKnownFileType = text.plist.xml; path = Info.plist; sourceTree = "<group>"; };
		805686A01EA71868008B8554 /* IntroduceSwift3Tests.xctest */ = {isa = PBXFileReference; explicitFileType = wrapper.cfbundle; includeInIndex = 0; path = IntroduceSwift3Tests.xctest; sourceTree = BUILT_PRODUCTS_DIR; };
		805686A41EA71868008B8554 /* IntroduceSwift3Tests.swift */ = {isa = PBXFileReference; lastKnownFileType = sourcecode.swift; path = IntroduceSwift3Tests.swift; sourceTree = "<group>"; };
		805686A61EA71868008B8554 /* Info.plist */ = {isa = PBXFileReference; lastKnownFileType = text.plist.xml; path = Info.plist; sourceTree = "<group>"; };
		805686AB1EA71868008B8554 /* IntroduceSwift3UITests.xctest */ = {isa = PBXFileReference; explicitFileType = wrapper.cfbundle; includeInIndex = 0; path = IntroduceSwift3UITests.xctest; sourceTree = BUILT_PRODUCTS_DIR; };
		805686AF1EA71868008B8554 /* IntroduceSwift3UITests.swift */ = {isa = PBXFileReference; lastKnownFileType = sourcecode.swift; path = IntroduceSwift3UITests.swift; sourceTree = "<group>"; };
		805686B11EA71868008B8554 /* Info.plist */ = {isa = PBXFileReference; lastKnownFileType = text.plist.xml; path = Info.plist; sourceTree = "<group>"; };
		8083DEF11EC797A8008F718F /* SecondViewController.swift */ = {isa = PBXFileReference; fileEncoding = 4; lastKnownFileType = sourcecode.swift; path = SecondViewController.swift; sourceTree = "<group>"; };
/* End PBXFileReference section */

/* Begin PBXFrameworksBuildPhase section */
		805686861EA71868008B8554 /* Frameworks */ = {
			isa = PBXFrameworksBuildPhase;
			buildActionMask = 2147483647;
			files = (
			);
			runOnlyForDeploymentPostprocessing = 0;
		};
		8056869D1EA71868008B8554 /* Frameworks */ = {
			isa = PBXFrameworksBuildPhase;
			buildActionMask = 2147483647;
			files = (
			);
			runOnlyForDeploymentPostprocessing = 0;
		};
		805686A81EA71868008B8554 /* Frameworks */ = {
			isa = PBXFrameworksBuildPhase;
			buildActionMask = 2147483647;
			files = (
			);
			runOnlyForDeploymentPostprocessing = 0;
		};
/* End PBXFrameworksBuildPhase section */

/* Begin PBXGroup section */
		805686801EA71868008B8554 = {
			isa = PBXGroup;
			children = (
				8056868B1EA71868008B8554 /* IntroduceSwift3 */,
				805686A31EA71868008B8554 /* IntroduceSwift3Tests */,
				805686AE1EA71868008B8554 /* IntroduceSwift3UITests */,
				8056868A1EA71868008B8554 /* Products */,
			);
			sourceTree = "<group>";
		};
		8056868A1EA71868008B8554 /* Products */ = {
			isa = PBXGroup;
			children = (
				805686891EA71868008B8554 /* IntroduceSwift3.app */,
				805686A01EA71868008B8554 /* IntroduceSwift3Tests.xctest */,
				805686AB1EA71868008B8554 /* IntroduceSwift3UITests.xctest */,
			);
			name = Products;
			sourceTree = "<group>";
		};
		8056868B1EA71868008B8554 /* IntroduceSwift3 */ = {
			isa = PBXGroup;
			children = (
				8056868C1EA71868008B8554 /* AppDelegate.swift */,
				8056868E1EA71868008B8554 /* ViewController.swift */,
				805686901EA71868008B8554 /* Main.storyboard */,
				805686961EA71868008B8554 /* Assets.xcassets */,
				805686981EA71868008B8554 /* LaunchScreen.storyboard */,
				8056869B1EA71868008B8554 /* Info.plist */,
				805686931EA71868008B8554 /* IntroduceSwift3.xcdatamodeld */,
				8083DEF11EC797A8008F718F /* SecondViewController.swift */,
			);
			path = IntroduceSwift3;
			sourceTree = "<group>";
		};
		805686A31EA71868008B8554 /* IntroduceSwift3Tests */ = {
			isa = PBXGroup;
			children = (
				805686A41EA71868008B8554 /* IntroduceSwift3Tests.swift */,
				805686A61EA71868008B8554 /* Info.plist */,
			);
			path = IntroduceSwift3Tests;
			sourceTree = "<group>";
		};
		805686AE1EA71868008B8554 /* IntroduceSwift3UITests */ = {
			isa = PBXGroup;
			children = (
				805686AF1EA71868008B8554 /* IntroduceSwift3UITests.swift */,
				805686B11EA71868008B8554 /* Info.plist */,
			);
			path = IntroduceSwift3UITests;
			sourceTree = "<group>";
		};
/* End PBXGroup section */

/* Begin PBXNativeTarget section */
		805686881EA71868008B8554 /* IntroduceSwift3 */ = {
			isa = PBXNativeTarget;
			buildConfigurationList = 805686B41EA71868008B8554 /* Build configuration list for PBXNativeTarget "IntroduceSwift3" */;
			buildPhases = (
				805686851EA71868008B8554 /* Sources */,
				805686861EA71868008B8554 /* Frameworks */,
				805686871EA71868008B8554 /* Resources */,
			);
			buildRules = (
			);
			dependencies = (
			);
			name = IntroduceSwift3;
			productName = IntroduceSwift3;
			productReference = 805686891EA71868008B8554 /* IntroduceSwift3.app */;
			productType = "com.apple.product-type.application";
		};
		8056869F1EA71868008B8554 /* IntroduceSwift3Tests */ = {
			isa = PBXNativeTarget;
			buildConfigurationList = 805686B71EA71868008B8554 /* Build configuration list for PBXNativeTarget "IntroduceSwift3Tests" */;
			buildPhases = (
				8056869C1EA71868008B8554 /* Sources */,
				8056869D1EA71868008B8554 /* Frameworks */,
				8056869E1EA71868008B8554 /* Resources */,
			);
			buildRules = (
			);
			dependencies = (
				805686A21EA71868008B8554 /* PBXTargetDependency */,
			);
			name = IntroduceSwift3Tests;
			productName = IntroduceSwift3Tests;
			productReference = 805686A01EA71868008B8554 /* IntroduceSwift3Tests.xctest */;
			productType = "com.apple.product-type.bundle.unit-test";
		};
		805686AA1EA71868008B8554 /* IntroduceSwift3UITests */ = {
			isa = PBXNativeTarget;
			buildConfigurationList = 805686BA1EA71868008B8554 /* Build configuration list for PBXNativeTarget "IntroduceSwift3UITests" */;
			buildPhases = (
				805686A71EA71868008B8554 /* Sources */,
				805686A81EA71868008B8554 /* Frameworks */,
				805686A91EA71868008B8554 /* Resources */,
			);
			buildRules = (
			);
			dependencies = (
				805686AD1EA71868008B8554 /* PBXTargetDependency */,
			);
			name = IntroduceSwift3UITests;
			productName = IntroduceSwift3UITests;
			productReference = 805686AB1EA71868008B8554 /* IntroduceSwift3UITests.xctest */;
			productType = "com.apple.product-type.bundle.ui-testing";
		};
/* End PBXNativeTarget section */

/* Begin PBXProject section */
		805686811EA71868008B8554 /* Project object */ = {
			isa = PBXProject;
			attributes = {
				LastSwiftUpdateCheck = 0830;
				LastUpgradeCheck = 0830;
				ORGANIZATIONNAME = Moises;
				TargetAttributes = {
					805686881EA71868008B8554 = {
						CreatedOnToolsVersion = 8.3.1;
						ProvisioningStyle = Automatic;
					};
					8056869F1EA71868008B8554 = {
						CreatedOnToolsVersion = 8.3.1;
						ProvisioningStyle = Automatic;
						TestTargetID = 805686881EA71868008B8554;
					};
					805686AA1EA71868008B8554 = {
						CreatedOnToolsVersion = 8.3.1;
						ProvisioningStyle = Automatic;
						TestTargetID = 805686881EA71868008B8554;
					};
				};
			};
			buildConfigurationList = 805686841EA71868008B8554 /* Build configuration list for PBXProject "IntroduceSwift3" */;
			compatibilityVersion = "Xcode 3.2";
			developmentRegion = English;
			hasScannedForEncodings = 0;
			knownRegions = (
				en,
				Base,
			);
			mainGroup = 805686801EA71868008B8554;
			productRefGroup = 8056868A1EA71868008B8554 /* Products */;
			projectDirPath = "";
			projectRoot = "";
			targets = (
				805686881EA71868008B8554 /* IntroduceSwift3 */,
				8056869F1EA71868008B8554 /* IntroduceSwift3Tests */,
				805686AA1EA71868008B8554 /* IntroduceSwift3UITests */,
			);
		};
/* End PBXProject section */

/* Begin PBXResourcesBuildPhase section */
		805686871EA71868008B8554 /* Resources */ = {
			isa = PBXResourcesBuildPhase;
			buildActionMask = 2147483647;
			files = (
				8056869A1EA71868008B8554 /* LaunchScreen.storyboard in Resources */,
				805686971EA71868008B8554 /* Assets.xcassets in Resources */,
				805686921EA71868008B8554 /* Main.storyboard in Resources */,
			);
			runOnlyForDeploymentPostprocessing = 0;
		};
		8056869E1EA71868008B8554 /* Resources */ = {
			isa = PBXResourcesBuildPhase;
			buildActionMask = 2147483647;
			files = (
			);
			runOnlyForDeploymentPostprocessing = 0;
		};
		805686A91EA71868008B8554 /* Resources */ = {
			isa = PBXResourcesBuildPhase;
			buildActionMask = 2147483647;
			files = (
			);
			runOnlyForDeploymentPostprocessing = 0;
		};
/* End PBXResourcesBuildPhase section */

/* Begin PBXSourcesBuildPhase section */
		805686851EA71868008B8554 /* Sources */ = {
			isa = PBXSourcesBuildPhase;
			buildActionMask = 2147483647;
			files = (
				8083DEF21EC797A8008F718F /* SecondViewController.swift in Sources */,
				805686951EA71868008B8554 /* IntroduceSwift3.xcdatamodeld in Sources */,
				8056868F1EA71868008B8554 /* ViewController.swift in Sources */,
				8056868D1EA71868008B8554 /* AppDelegate.swift in Sources */,
			);
			runOnlyForDeploymentPostprocessing = 0;
		};
		8056869C1EA71868008B8554 /* Sources */ = {
			isa = PBXSourcesBuildPhase;
			buildActionMask = 2147483647;
			files = (
				805686A51EA71868008B8554 /* IntroduceSwift3Tests.swift in Sources */,
			);
			runOnlyForDeploymentPostprocessing = 0;
		};
		805686A71EA71868008B8554 /* Sources */ = {
			isa = PBXSourcesBuildPhase;
			buildActionMask = 2147483647;
			files = (
				805686B01EA71868008B8554 /* IntroduceSwift3UITests.swift in Sources */,
			);
			runOnlyForDeploymentPostprocessing = 0;
		};
/* End PBXSourcesBuildPhase section */

/* Begin PBXTargetDependency section */
		805686A21EA71868008B8554 /* PBXTargetDependency */ = {
			isa = PBXTargetDependency;
			target = 805686881EA71868008B8554 /* IntroduceSwift3 */;
			targetProxy = 805686A11EA71868008B8554 /* PBXContainerItemProxy */;
		};
		805686AD1EA71868008B8554 /* PBXTargetDependency */ = {
			isa = PBXTargetDependency;
			target = 805686881EA71868008B8554 /* IntroduceSwift3 */;
			targetProxy = 805686AC1EA71868008B8554 /* PBXContainerItemProxy */;
		};
/* End PBXTargetDependency section */

/* Begin PBXVariantGroup section */
		805686901EA71868008B8554 /* Main.storyboard */ = {
			isa = PBXVariantGroup;
			children = (
				805686911EA71868008B8554 /* Base */,
			);
			name = Main.storyboard;
			sourceTree = "<group>";
		};
		805686981EA71868008B8554 /* LaunchScreen.storyboard */ = {
			isa = PBXVariantGroup;
			children = (
				805686991EA71868008B8554 /* Base */,
			);
			name = LaunchScreen.storyboard;
			sourceTree = "<group>";
		};
/* End PBXVariantGroup section */

/* Begin XCBuildConfiguration section */
		805686B21EA71868008B8554 /* Debug */ = {
			isa = XCBuildConfiguration;
			buildSettings = {
				ALWAYS_SEARCH_USER_PATHS = NO;
				CLANG_ANALYZER_NONNULL = YES;
				CLANG_ANALYZER_NUMBER_OBJECT_CONVERSION = YES_AGGRESSIVE;
				CLANG_CXX_LANGUAGE_STANDARD = "gnu++0x";
				CLANG_CXX_LIBRARY = "libc++";
				CLANG_ENABLE_MODULES = YES;
				CLANG_ENABLE_OBJC_ARC = YES;
				CLANG_WARN_BOOL_CONVERSION = YES;
				CLANG_WARN_CONSTANT_CONVERSION = YES;
				CLANG_WARN_DIRECT_OBJC_ISA_USAGE = YES_ERROR;
				CLANG_WARN_DOCUMENTATION_COMMENTS = YES;
				CLANG_WARN_EMPTY_BODY = YES;
				CLANG_WARN_ENUM_CONVERSION = YES;
				CLANG_WARN_INFINITE_RECURSION = YES;
				CLANG_WARN_INT_CONVERSION = YES;
				CLANG_WARN_OBJC_ROOT_CLASS = YES_ERROR;
				CLANG_WARN_SUSPICIOUS_MOVE = YES;
				CLANG_WARN_UNREACHABLE_CODE = YES;
				CLANG_WARN__DUPLICATE_METHOD_MATCH = YES;
				"CODE_SIGN_IDENTITY[sdk=iphoneos*]" = "iPhone Developer";
				COPY_PHASE_STRIP = NO;
				DEBUG_INFORMATION_FORMAT = dwarf;
				ENABLE_STRICT_OBJC_MSGSEND = YES;
				ENABLE_TESTABILITY = YES;
				GCC_C_LANGUAGE_STANDARD = gnu99;
				GCC_DYNAMIC_NO_PIC = NO;
				GCC_NO_COMMON_BLOCKS = YES;
				GCC_OPTIMIZATION_LEVEL = 0;
				GCC_PREPROCESSOR_DEFINITIONS = (
					"DEBUG=1",
					"$(inherited)",
				);
				GCC_WARN_64_TO_32_BIT_CONVERSION = YES;
				GCC_WARN_ABOUT_RETURN_TYPE = YES_ERROR;
				GCC_WARN_UNDECLARED_SELECTOR = YES;
				GCC_WARN_UNINITIALIZED_AUTOS = YES_AGGRESSIVE;
				GCC_WARN_UNUSED_FUNCTION = YES;
				GCC_WARN_UNUSED_VARIABLE = YES;
				IPHONEOS_DEPLOYMENT_TARGET = 10.3;
				MTL_ENABLE_DEBUG_INFO = YES;
				ONLY_ACTIVE_ARCH = YES;
				SDKROOT = iphoneos;
				SWIFT_ACTIVE_COMPILATION_CONDITIONS = DEBUG;
				SWIFT_OPTIMIZATION_LEVEL = "-Onone";
			};
			name = Debug;
		};
		805686B31EA71868008B8554 /* Release */ = {
			isa = XCBuildConfiguration;
			buildSettings = {
				ALWAYS_SEARCH_USER_PATHS = NO;
				CLANG_ANALYZER_NONNULL = YES;
				CLANG_ANALYZER_NUMBER_OBJECT_CONVERSION = YES_AGGRESSIVE;
				CLANG_CXX_LANGUAGE_STANDARD = "gnu++0x";
				CLANG_CXX_LIBRARY = "libc++";
				CLANG_ENABLE_MODULES = YES;
				CLANG_ENABLE_OBJC_ARC = YES;
				CLANG_WARN_BOOL_CONVERSION = YES;
				CLANG_WARN_CONSTANT_CONVERSION = YES;
				CLANG_WARN_DIRECT_OBJC_ISA_USAGE = YES_ERROR;
				CLANG_WARN_DOCUMENTATION_COMMENTS = YES;
				CLANG_WARN_EMPTY_BODY = YES;
				CLANG_WARN_ENUM_CONVERSION = YES;
				CLANG_WARN_INFINITE_RECURSION = YES;
				CLANG_WARN_INT_CONVERSION = YES;
				CLANG_WARN_OBJC_ROOT_CLASS = YES_ERROR;
				CLANG_WARN_SUSPICIOUS_MOVE = YES;
				CLANG_WARN_UNREACHABLE_CODE = YES;
				CLANG_WARN__DUPLICATE_METHOD_MATCH = YES;
				"CODE_SIGN_IDENTITY[sdk=iphoneos*]" = "iPhone Developer";
				COPY_PHASE_STRIP = NO;
				DEBUG_INFORMATION_FORMAT = "dwarf-with-dsym";
				ENABLE_NS_ASSERTIONS = NO;
				ENABLE_STRICT_OBJC_MSGSEND = YES;
				GCC_C_LANGUAGE_STANDARD = gnu99;
				GCC_NO_COMMON_BLOCKS = YES;
				GCC_WARN_64_TO_32_BIT_CONVERSION = YES;
				GCC_WARN_ABOUT_RETURN_TYPE = YES_ERROR;
				GCC_WARN_UNDECLARED_SELECTOR = YES;
				GCC_WARN_UNINITIALIZED_AUTOS = YES_AGGRESSIVE;
				GCC_WARN_UNUSED_FUNCTION = YES;
				GCC_WARN_UNUSED_VARIABLE = YES;
				IPHONEOS_DEPLOYMENT_TARGET = 10.3;
				MTL_ENABLE_DEBUG_INFO = NO;
				SDKROOT = iphoneos;
				SWIFT_OPTIMIZATION_LEVEL = "-Owholemodule";
				VALIDATE_PRODUCT = YES;
			};
			name = Release;
		};
		805686B51EA71868008B8554 /* Debug */ = {
			isa = XCBuildConfiguration;
			buildSettings = {
				ASSETCATALOG_COMPILER_APPICON_NAME = AppIcon;
				INFOPLIST_FILE = IntroduceSwift3/Info.plist;
				LD_RUNPATH_SEARCH_PATHS = "$(inherited) @executable_path/Frameworks";
				PRODUCT_BUNDLE_IDENTIFIER = moisesaq.IntroduceSwift3;
				PRODUCT_NAME = "$(TARGET_NAME)";
				SWIFT_VERSION = 3.0;
			};
			name = Debug;
		};
		805686B61EA71868008B8554 /* Release */ = {
			isa = XCBuildConfiguration;
			buildSettings = {
				ASSETCATALOG_COMPILER_APPICON_NAME = AppIcon;
				INFOPLIST_FILE = IntroduceSwift3/Info.plist;
				LD_RUNPATH_SEARCH_PATHS = "$(inherited) @executable_path/Frameworks";
				PRODUCT_BUNDLE_IDENTIFIER = moisesaq.IntroduceSwift3;
				PRODUCT_NAME = "$(TARGET_NAME)";
				SWIFT_VERSION = 3.0;
			};
			name = Release;
		};
		805686B81EA71868008B8554 /* Debug */ = {
			isa = XCBuildConfiguration;
			buildSettings = {
				ALWAYS_EMBED_SWIFT_STANDARD_LIBRARIES = YES;
				BUNDLE_LOADER = "$(TEST_HOST)";
				INFOPLIST_FILE = IntroduceSwift3Tests/Info.plist;
				LD_RUNPATH_SEARCH_PATHS = "$(inherited) @executable_path/Frameworks @loader_path/Frameworks";
				PRODUCT_BUNDLE_IDENTIFIER = moisesaq.IntroduceSwift3Tests;
				PRODUCT_NAME = "$(TARGET_NAME)";
				SWIFT_VERSION = 3.0;
				TEST_HOST = "$(BUILT_PRODUCTS_DIR)/IntroduceSwift3.app/IntroduceSwift3";
			};
			name = Debug;
		};
		805686B91EA71868008B8554 /* Release */ = {
			isa = XCBuildConfiguration;
			buildSettings = {
				ALWAYS_EMBED_SWIFT_STANDARD_LIBRARIES = YES;
				BUNDLE_LOADER = "$(TEST_HOST)";
				INFOPLIST_FILE = IntroduceSwift3Tests/Info.plist;
				LD_RUNPATH_SEARCH_PATHS = "$(inherited) @executable_path/Frameworks @loader_path/Frameworks";
				PRODUCT_BUNDLE_IDENTIFIER = moisesaq.IntroduceSwift3Tests;
				PRODUCT_NAME = "$(TARGET_NAME)";
				SWIFT_VERSION = 3.0;
				TEST_HOST = "$(BUILT_PRODUCTS_DIR)/IntroduceSwift3.app/IntroduceSwift3";
			};
			name = Release;
		};
		805686BB1EA71868008B8554 /* Debug */ = {
			isa = XCBuildConfiguration;
			buildSettings = {
				ALWAYS_EMBED_SWIFT_STANDARD_LIBRARIES = YES;
				INFOPLIST_FILE = IntroduceSwift3UITests/Info.plist;
				LD_RUNPATH_SEARCH_PATHS = "$(inherited) @executable_path/Frameworks @loader_path/Frameworks";
				PRODUCT_BUNDLE_IDENTIFIER = moisesaq.IntroduceSwift3UITests;
				PRODUCT_NAME = "$(TARGET_NAME)";
				SWIFT_VERSION = 3.0;
				TEST_TARGET_NAME = IntroduceSwift3;
			};
			name = Debug;
		};
		805686BC1EA71868008B8554 /* Release */ = {
			isa = XCBuildConfiguration;
			buildSettings = {
				ALWAYS_EMBED_SWIFT_STANDARD_LIBRARIES = YES;
				INFOPLIST_FILE = IntroduceSwift3UITests/Info.plist;
				LD_RUNPATH_SEARCH_PATHS = "$(inherited) @executable_path/Frameworks @loader_path/Frameworks";
				PRODUCT_BUNDLE_IDENTIFIER = moisesaq.IntroduceSwift3UITests;
				PRODUCT_NAME = "$(TARGET_NAME)";
				SWIFT_VERSION = 3.0;
				TEST_TARGET_NAME = IntroduceSwift3;
			};
			name = Release;
		};
/* End XCBuildConfiguration section */

/* Begin XCConfigurationList section */
		805686841EA71868008B8554 /* Build configuration list for PBXProject "IntroduceSwift3" */ = {
			isa = XCConfigurationList;
			buildConfigurations = (
				805686B21EA71868008B8554 /* Debug */,
				805686B31EA71868008B8554 /* Release */,
			);
			defaultConfigurationIsVisible = 0;
			defaultConfigurationName = Release;
		};
		805686B41EA71868008B8554 /* Build configuration list for PBXNativeTarget "IntroduceSwift3" */ = {
			isa = XCConfigurationList;
			buildConfigurations = (
				805686B51EA71868008B8554 /* Debug */,
				805686B61EA71868008B8554 /* Release */,
			);
			defaultConfigurationIsVisible = 0;
			defaultConfigurationName = Release;
		};
		805686B71EA71868008B8554 /* Build configuration list for PBXNativeTarget "IntroduceSwift3Tests" */ = {
			isa = XCConfigurationList;
			buildConfigurations = (
				805686B81EA71868008B8554 /* Debug */,
				805686B91EA71868008B8554 /* Release */,
			);
			defaultConfigurationIsVisible = 0;
			defaultConfigurationName = Release;
		};
		805686BA1EA71868008B8554 /* Build configuration list for PBXNativeTarget "IntroduceSwift3UITests" */ = {
			isa = XCConfigurationList;
			buildConfigurations = (
				805686BB1EA71868008B8554 /* Debug */,
				805686BC1EA71868008B8554 /* Release */,
			);
			defaultConfigurationIsVisible = 0;
			defaultConfigurationName = Release;
		};
/* End XCConfigurationList section */

/* Begin XCVersionGroup section */
		805686931EA71868008B8554 /* IntroduceSwift3.xcdatamodeld */ = {
			isa = XCVersionGroup;
			children = (
				805686941EA71868008B8554 /* IntroduceSwift3.xcdatamodel */,
			);
			currentVersion = 805686941EA71868008B8554 /* IntroduceSwift3.xcdatamodel */;
			path = IntroduceSwift3.xcdatamodeld;
			sourceTree = "<group>";
			versionGroupType = wrapper.xcdatamodel;
		};
/* End XCVersionGroup section */
	};
	rootObject = 805686811EA71868008B8554 /* Project object */;
}
